{
  "version": 4,
  "terraform_version": "0.12.23",
  "serial": 76,
  "lineage": "2cead40d-98e2-4f54-6f4b-dec70688103c",
  "outputs": {},
  "resources": [
    {
      "mode": "managed",
      "type": "google_compute_instance",
      "name": "ansible",
      "provider": "provider.google",
      "instances": [
        {
          "schema_version": 6,
          "attributes": {
            "allow_stopping_for_update": null,
            "attached_disk": [],
            "boot_disk": [
              {
                "auto_delete": true,
                "device_name": "persistent-disk-0",
                "disk_encryption_key_raw": "",
                "disk_encryption_key_sha256": "",
                "initialize_params": [
                  {
                    "image": "https://www.googleapis.com/compute/v1/projects/centos-cloud/global/images/centos-7-v20200309",
                    "labels": {},
                    "size": 50,
                    "type": "pd-standard"
                  }
                ],
                "kms_key_self_link": "",
                "mode": "READ_WRITE",
                "source": "https://www.googleapis.com/compute/v1/projects/inlaid-lane-270316/zones/us-central1-a/disks/ansible"
              }
            ],
            "can_ip_forward": false,
            "cpu_platform": "Intel Haswell",
            "deletion_protection": false,
            "description": "",
            "desired_status": null,
            "enable_display": false,
            "guest_accelerator": [],
            "hostname": "ansible.srv",
            "id": "projects/inlaid-lane-270316/zones/us-central1-a/instances/ansible",
            "instance_id": "7718537144857134153",
            "label_fingerprint": "42WmSpB8rSM=",
            "labels": null,
            "machine_type": "n1-standard-4",
            "metadata": {
              "ssh-keys": "silveira:ssh-rsa AAAAB3NzaC1yc2EAAAADAQABAAABAQC4VO5uudtgs2Cf0YB9bNqc7ZV5ZUkdwlfuYXPtQlxzh1v5sj5ut7aB0uKl62kwgkeb/ZjjOXR27bnKEBBE/1+5NaIripzUglSb4sxuDwhs96hjAy6UMOpN8Hj/ag5tvDDUPZ9c/p13f2DrTK+uDENBMAsZXwlW7l0ik09MU4GbeLh6sjP2UqHQpACCu4/Ik0puMqRHbk9K1ZXzrTKd7puXQ0rhDquWB1isCqwFdGBmQk1ZYtG+m9Xqr16IXqAMyNIWjrz3EjhwDMqhuoqfnSipJ+hmWVjOrb2IkCsy+dZd3LYzXmu3iymzufBHkTv9KYctd9cg+oG2pz1J9mxrCXdP silveira@silveira\n"
            },
            "metadata_fingerprint": "XVRXyhDOfyw=",
            "metadata_startup_script": "",
            "min_cpu_platform": "",
            "name": "ansible",
            "network_interface": [
              {
                "access_config": [
                  {
                    "nat_ip": "34.66.54.32",
                    "network_tier": "PREMIUM",
                    "public_ptr_domain_name": ""
                  }
                ],
                "alias_ip_range": [],
                "name": "nic0",
                "network": "https://www.googleapis.com/compute/v1/projects/inlaid-lane-270316/global/networks/default",
                "network_ip": "10.128.0.10",
                "subnetwork": "https://www.googleapis.com/compute/v1/projects/inlaid-lane-270316/regions/us-central1/subnetworks/default",
                "subnetwork_project": "inlaid-lane-270316"
              }
            ],
            "project": "inlaid-lane-270316",
            "scheduling": [
              {
                "automatic_restart": true,
                "node_affinities": [],
                "on_host_maintenance": "MIGRATE",
                "preemptible": false
              }
            ],
            "scratch_disk": [],
            "self_link": "https://www.googleapis.com/compute/v1/projects/inlaid-lane-270316/zones/us-central1-a/instances/ansible",
            "service_account": [],
            "shielded_instance_config": [],
            "tags": null,
            "tags_fingerprint": "42WmSpB8rSM=",
            "timeouts": null,
            "zone": "us-central1-a"
          },
          "private": "eyJlMmJmYjczMC1lY2FhLTExZTYtOGY4OC0zNDM2M2JjN2M0YzAiOnsiY3JlYXRlIjoxMjAwMDAwMDAwMDAwLCJkZWxldGUiOjEyMDAwMDAwMDAwMDAsInVwZGF0ZSI6MTIwMDAwMDAwMDAwMH0sInNjaGVtYV92ZXJzaW9uIjoiNiJ9"
        }
      ]
    }
  ]
}
