{
  "version": 4,
  "terraform_version": "0.12.23",
  "serial": 6,
  "lineage": "9acf5ff0-408d-465e-f3b6-03729e8aa9d9",
  "outputs": {},
  "resources": [
    {
      "mode": "managed",
      "type": "google_compute_disk",
      "name": "ece-01",
      "provider": "provider.google",
      "instances": [
        {
          "schema_version": 0,
          "attributes": {
            "creation_timestamp": "2020-03-16T11:17:02.949-07:00",
            "description": "",
            "disk_encryption_key": [],
            "id": "projects/inlaid-lane-270316/zones/us-east4-a/disks/ece-01-data",
            "image": "",
            "label_fingerprint": "42WmSpB8rSM=",
            "labels": null,
            "last_attach_timestamp": "2020-03-16T11:17:03.921-07:00",
            "last_detach_timestamp": "",
            "name": "ece-01-data",
            "physical_block_size_bytes": 4096,
            "project": "inlaid-lane-270316",
            "self_link": "https://www.googleapis.com/compute/v1/projects/inlaid-lane-270316/zones/us-east4-a/disks/ece-01-data",
            "size": 50,
            "snapshot": "",
            "source_image_encryption_key": [],
            "source_image_id": "",
            "source_snapshot_encryption_key": [],
            "source_snapshot_id": "",
            "timeouts": null,
            "type": "pd-ssd",
            "users": [
              "https://www.googleapis.com/compute/v1/projects/inlaid-lane-270316/zones/us-east4-a/instances/ece-01"
            ],
            "zone": "us-east4-a"
          },
          "private": "eyJlMmJmYjczMC1lY2FhLTExZTYtOGY4OC0zNDM2M2JjN2M0YzAiOnsiY3JlYXRlIjozMDAwMDAwMDAwMDAsImRlbGV0ZSI6MjQwMDAwMDAwMDAwLCJ1cGRhdGUiOjI0MDAwMDAwMDAwMH19"
        }
      ]
    },
    {
      "mode": "managed",
      "type": "google_compute_disk",
      "name": "ece-02",
      "provider": "provider.google",
      "instances": [
        {
          "schema_version": 0,
          "attributes": {
            "creation_timestamp": "2020-03-16T11:17:03.019-07:00",
            "description": "",
            "disk_encryption_key": [],
            "id": "projects/inlaid-lane-270316/zones/us-east4-b/disks/ece-02-data",
            "image": "",
            "label_fingerprint": "42WmSpB8rSM=",
            "labels": null,
            "last_attach_timestamp": "2020-03-16T11:17:05.036-07:00",
            "last_detach_timestamp": "",
            "name": "ece-02-data",
            "physical_block_size_bytes": 4096,
            "project": "inlaid-lane-270316",
            "self_link": "https://www.googleapis.com/compute/v1/projects/inlaid-lane-270316/zones/us-east4-b/disks/ece-02-data",
            "size": 50,
            "snapshot": "",
            "source_image_encryption_key": [],
            "source_image_id": "",
            "source_snapshot_encryption_key": [],
            "source_snapshot_id": "",
            "timeouts": null,
            "type": "pd-ssd",
            "users": [
              "https://www.googleapis.com/compute/v1/projects/inlaid-lane-270316/zones/us-east4-b/instances/ece-02"
            ],
            "zone": "us-east4-b"
          },
          "private": "eyJlMmJmYjczMC1lY2FhLTExZTYtOGY4OC0zNDM2M2JjN2M0YzAiOnsiY3JlYXRlIjozMDAwMDAwMDAwMDAsImRlbGV0ZSI6MjQwMDAwMDAwMDAwLCJ1cGRhdGUiOjI0MDAwMDAwMDAwMH19"
        }
      ]
    },
    {
      "mode": "managed",
      "type": "google_compute_disk",
      "name": "ece-03",
      "provider": "provider.google",
      "instances": [
        {
          "schema_version": 0,
          "attributes": {
            "creation_timestamp": "2020-03-16T11:17:03.060-07:00",
            "description": "",
            "disk_encryption_key": [],
            "id": "projects/inlaid-lane-270316/zones/us-east4-c/disks/ece-03-data",
            "image": "",
            "label_fingerprint": "42WmSpB8rSM=",
            "labels": null,
            "last_attach_timestamp": "2020-03-16T11:17:04.753-07:00",
            "last_detach_timestamp": "",
            "name": "ece-03-data",
            "physical_block_size_bytes": 4096,
            "project": "inlaid-lane-270316",
            "self_link": "https://www.googleapis.com/compute/v1/projects/inlaid-lane-270316/zones/us-east4-c/disks/ece-03-data",
            "size": 50,
            "snapshot": "",
            "source_image_encryption_key": [],
            "source_image_id": "",
            "source_snapshot_encryption_key": [],
            "source_snapshot_id": "",
            "timeouts": null,
            "type": "pd-ssd",
            "users": [
              "https://www.googleapis.com/compute/v1/projects/inlaid-lane-270316/zones/us-east4-c/instances/ece-03"
            ],
            "zone": "us-east4-c"
          },
          "private": "eyJlMmJmYjczMC1lY2FhLTExZTYtOGY4OC0zNDM2M2JjN2M0YzAiOnsiY3JlYXRlIjozMDAwMDAwMDAwMDAsImRlbGV0ZSI6MjQwMDAwMDAwMDAwLCJ1cGRhdGUiOjI0MDAwMDAwMDAwMH19"
        }
      ]
    },
    {
      "mode": "managed",
      "type": "google_compute_forwarding_rule",
      "name": "lb",
      "provider": "provider.google",
      "instances": []
    },
    {
      "mode": "managed",
      "type": "google_compute_instance",
      "name": "ece-01",
      "provider": "provider.google",
      "instances": [
        {
          "schema_version": 6,
          "attributes": {
            "allow_stopping_for_update": null,
            "attached_disk": [
              {
                "device_name": "sdb",
                "disk_encryption_key_raw": "",
                "disk_encryption_key_sha256": "",
                "kms_key_self_link": "",
                "mode": "READ_WRITE",
                "source": "https://www.googleapis.com/compute/v1/projects/inlaid-lane-270316/zones/us-east4-a/disks/ece-01-data"
              }
            ],
            "boot_disk": [
              {
                "auto_delete": true,
                "device_name": "persistent-disk-0",
                "disk_encryption_key_raw": "",
                "disk_encryption_key_sha256": "",
                "initialize_params": [
                  {
                    "image": "https://www.googleapis.com/compute/v1/projects/centos-cloud/global/images/centos-7-v20200309",
                    "labels": {},
                    "size": 30,
                    "type": "pd-standard"
                  }
                ],
                "kms_key_self_link": "",
                "mode": "READ_WRITE",
                "source": "https://www.googleapis.com/compute/v1/projects/inlaid-lane-270316/zones/us-east4-a/disks/ece-01"
              }
            ],
            "can_ip_forward": false,
            "cpu_platform": "Intel Broadwell",
            "deletion_protection": false,
            "description": "",
            "desired_status": null,
            "enable_display": false,
            "guest_accelerator": [],
            "hostname": "ece-01.srv",
            "id": "projects/inlaid-lane-270316/zones/us-east4-a/instances/ece-01",
            "instance_id": "2085878529052015728",
            "label_fingerprint": "42WmSpB8rSM=",
            "labels": null,
            "machine_type": "n1-standard-8",
            "metadata": {
              "ssh-keys": "silveira:ssh-rsa AAAAB3NzaC1yc2EAAAADAQABAAABAQC4VO5uudtgs2Cf0YB9bNqc7ZV5ZUkdwlfuYXPtQlxzh1v5sj5ut7aB0uKl62kwgkeb/ZjjOXR27bnKEBBE/1+5NaIripzUglSb4sxuDwhs96hjAy6UMOpN8Hj/ag5tvDDUPZ9c/p13f2DrTK+uDENBMAsZXwlW7l0ik09MU4GbeLh6sjP2UqHQpACCu4/Ik0puMqRHbk9K1ZXzrTKd7puXQ0rhDquWB1isCqwFdGBmQk1ZYtG+m9Xqr16IXqAMyNIWjrz3EjhwDMqhuoqfnSipJ+hmWVjOrb2IkCsy+dZd3LYzXmu3iymzufBHkTv9KYctd9cg+oG2pz1J9mxrCXdP silveira@silveira\n"
            },
            "metadata_fingerprint": "XVRXyhDOfyw=",
            "metadata_startup_script": "",
            "min_cpu_platform": "",
            "name": "ece-01",
            "network_interface": [
              {
                "access_config": [
                  {
                    "nat_ip": "35.245.108.173",
                    "network_tier": "PREMIUM",
                    "public_ptr_domain_name": ""
                  }
                ],
                "alias_ip_range": [],
                "name": "nic0",
                "network": "https://www.googleapis.com/compute/v1/projects/inlaid-lane-270316/global/networks/default",
                "network_ip": "10.150.0.10",
                "subnetwork": "https://www.googleapis.com/compute/v1/projects/inlaid-lane-270316/regions/us-east4/subnetworks/default",
                "subnetwork_project": "inlaid-lane-270316"
              }
            ],
            "project": "inlaid-lane-270316",
            "scheduling": [
              {
                "automatic_restart": true,
                "node_affinities": [],
                "on_host_maintenance": "MIGRATE",
                "preemptible": false
              }
            ],
            "scratch_disk": [],
            "self_link": "https://www.googleapis.com/compute/v1/projects/inlaid-lane-270316/zones/us-east4-a/instances/ece-01",
            "service_account": [],
            "shielded_instance_config": [],
            "tags": null,
            "tags_fingerprint": "42WmSpB8rSM=",
            "timeouts": null,
            "zone": "us-east4-a"
          },
          "private": "eyJlMmJmYjczMC1lY2FhLTExZTYtOGY4OC0zNDM2M2JjN2M0YzAiOnsiY3JlYXRlIjoxMjAwMDAwMDAwMDAwLCJkZWxldGUiOjEyMDAwMDAwMDAwMDAsInVwZGF0ZSI6MTIwMDAwMDAwMDAwMH0sInNjaGVtYV92ZXJzaW9uIjoiNiJ9"
        }
      ]
    },
    {
      "mode": "managed",
      "type": "google_compute_instance",
      "name": "ece-02",
      "provider": "provider.google",
      "instances": [
        {
          "schema_version": 6,
          "attributes": {
            "allow_stopping_for_update": null,
            "attached_disk": [
              {
                "device_name": "sdb",
                "disk_encryption_key_raw": "",
                "disk_encryption_key_sha256": "",
                "kms_key_self_link": "",
                "mode": "READ_WRITE",
                "source": "https://www.googleapis.com/compute/v1/projects/inlaid-lane-270316/zones/us-east4-b/disks/ece-02-data"
              }
            ],
            "boot_disk": [
              {
                "auto_delete": true,
                "device_name": "persistent-disk-0",
                "disk_encryption_key_raw": "",
                "disk_encryption_key_sha256": "",
                "initialize_params": [
                  {
                    "image": "https://www.googleapis.com/compute/v1/projects/centos-cloud/global/images/centos-7-v20200309",
                    "labels": {},
                    "size": 30,
                    "type": "pd-standard"
                  }
                ],
                "kms_key_self_link": "",
                "mode": "READ_WRITE",
                "source": "https://www.googleapis.com/compute/v1/projects/inlaid-lane-270316/zones/us-east4-b/disks/ece-02"
              }
            ],
            "can_ip_forward": false,
            "cpu_platform": "Intel Broadwell",
            "deletion_protection": false,
            "description": "",
            "desired_status": null,
            "enable_display": false,
            "guest_accelerator": [],
            "hostname": "ece-02.srv",
            "id": "projects/inlaid-lane-270316/zones/us-east4-b/instances/ece-02",
            "instance_id": "3768820034735078479",
            "label_fingerprint": "42WmSpB8rSM=",
            "labels": null,
            "machine_type": "n1-standard-8",
            "metadata": {
              "ssh-keys": "silveira:ssh-rsa AAAAB3NzaC1yc2EAAAADAQABAAABAQC4VO5uudtgs2Cf0YB9bNqc7ZV5ZUkdwlfuYXPtQlxzh1v5sj5ut7aB0uKl62kwgkeb/ZjjOXR27bnKEBBE/1+5NaIripzUglSb4sxuDwhs96hjAy6UMOpN8Hj/ag5tvDDUPZ9c/p13f2DrTK+uDENBMAsZXwlW7l0ik09MU4GbeLh6sjP2UqHQpACCu4/Ik0puMqRHbk9K1ZXzrTKd7puXQ0rhDquWB1isCqwFdGBmQk1ZYtG+m9Xqr16IXqAMyNIWjrz3EjhwDMqhuoqfnSipJ+hmWVjOrb2IkCsy+dZd3LYzXmu3iymzufBHkTv9KYctd9cg+oG2pz1J9mxrCXdP silveira@silveira\n"
            },
            "metadata_fingerprint": "XVRXyhDOfyw=",
            "metadata_startup_script": "",
            "min_cpu_platform": "",
            "name": "ece-02",
            "network_interface": [
              {
                "access_config": [
                  {
                    "nat_ip": "35.221.46.66",
                    "network_tier": "PREMIUM",
                    "public_ptr_domain_name": ""
                  }
                ],
                "alias_ip_range": [],
                "name": "nic0",
                "network": "https://www.googleapis.com/compute/v1/projects/inlaid-lane-270316/global/networks/default",
                "network_ip": "10.150.0.11",
                "subnetwork": "https://www.googleapis.com/compute/v1/projects/inlaid-lane-270316/regions/us-east4/subnetworks/default",
                "subnetwork_project": "inlaid-lane-270316"
              }
            ],
            "project": "inlaid-lane-270316",
            "scheduling": [
              {
                "automatic_restart": true,
                "node_affinities": [],
                "on_host_maintenance": "MIGRATE",
                "preemptible": false
              }
            ],
            "scratch_disk": [],
            "self_link": "https://www.googleapis.com/compute/v1/projects/inlaid-lane-270316/zones/us-east4-b/instances/ece-02",
            "service_account": [],
            "shielded_instance_config": [],
            "tags": null,
            "tags_fingerprint": "42WmSpB8rSM=",
            "timeouts": null,
            "zone": "us-east4-b"
          },
          "private": "eyJlMmJmYjczMC1lY2FhLTExZTYtOGY4OC0zNDM2M2JjN2M0YzAiOnsiY3JlYXRlIjoxMjAwMDAwMDAwMDAwLCJkZWxldGUiOjEyMDAwMDAwMDAwMDAsInVwZGF0ZSI6MTIwMDAwMDAwMDAwMH0sInNjaGVtYV92ZXJzaW9uIjoiNiJ9"
        }
      ]
    },
    {
      "mode": "managed",
      "type": "google_compute_instance",
      "name": "ece-03",
      "provider": "provider.google",
      "instances": [
        {
          "status": "tainted",
          "schema_version": 6,
          "attributes": {
            "allow_stopping_for_update": null,
            "attached_disk": [
              {
                "device_name": "sdb",
                "disk_encryption_key_raw": "",
                "disk_encryption_key_sha256": "",
                "kms_key_self_link": "",
                "mode": "READ_WRITE",
                "source": "https://www.googleapis.com/compute/v1/projects/inlaid-lane-270316/zones/us-east4-c/disks/ece-03-data"
              }
            ],
            "boot_disk": [
              {
                "auto_delete": true,
                "device_name": "persistent-disk-0",
                "disk_encryption_key_raw": "",
                "disk_encryption_key_sha256": "",
                "initialize_params": [
                  {
                    "image": "https://www.googleapis.com/compute/v1/projects/centos-cloud/global/images/centos-7-v20200309",
                    "labels": {},
                    "size": 30,
                    "type": "pd-standard"
                  }
                ],
                "kms_key_self_link": "",
                "mode": "READ_WRITE",
                "source": "https://www.googleapis.com/compute/v1/projects/inlaid-lane-270316/zones/us-east4-c/disks/ece-03"
              }
            ],
            "can_ip_forward": false,
            "cpu_platform": "Intel Broadwell",
            "deletion_protection": false,
            "description": "",
            "desired_status": null,
            "enable_display": false,
            "guest_accelerator": [],
            "hostname": "ece-03.srv",
            "id": "projects/inlaid-lane-270316/zones/us-east4-c/instances/ece-03",
            "instance_id": "7025701122635627599",
            "label_fingerprint": "42WmSpB8rSM=",
            "labels": null,
            "machine_type": "n1-standard-8",
            "metadata": {
              "ssh-keys": "silveira:ssh-rsa AAAAB3NzaC1yc2EAAAADAQABAAABAQC4VO5uudtgs2Cf0YB9bNqc7ZV5ZUkdwlfuYXPtQlxzh1v5sj5ut7aB0uKl62kwgkeb/ZjjOXR27bnKEBBE/1+5NaIripzUglSb4sxuDwhs96hjAy6UMOpN8Hj/ag5tvDDUPZ9c/p13f2DrTK+uDENBMAsZXwlW7l0ik09MU4GbeLh6sjP2UqHQpACCu4/Ik0puMqRHbk9K1ZXzrTKd7puXQ0rhDquWB1isCqwFdGBmQk1ZYtG+m9Xqr16IXqAMyNIWjrz3EjhwDMqhuoqfnSipJ+hmWVjOrb2IkCsy+dZd3LYzXmu3iymzufBHkTv9KYctd9cg+oG2pz1J9mxrCXdP silveira@silveira\n"
            },
            "metadata_fingerprint": "XVRXyhDOfyw=",
            "metadata_startup_script": "",
            "min_cpu_platform": "",
            "name": "ece-03",
            "network_interface": [
              {
                "access_config": [
                  {
                    "nat_ip": "35.245.210.97",
                    "network_tier": "PREMIUM",
                    "public_ptr_domain_name": ""
                  }
                ],
                "alias_ip_range": [],
                "name": "nic0",
                "network": "https://www.googleapis.com/compute/v1/projects/inlaid-lane-270316/global/networks/default",
                "network_ip": "10.150.0.12",
                "subnetwork": "https://www.googleapis.com/compute/v1/projects/inlaid-lane-270316/regions/us-east4/subnetworks/default",
                "subnetwork_project": "inlaid-lane-270316"
              }
            ],
            "project": "inlaid-lane-270316",
            "scheduling": [
              {
                "automatic_restart": true,
                "node_affinities": [],
                "on_host_maintenance": "MIGRATE",
                "preemptible": false
              }
            ],
            "scratch_disk": [],
            "self_link": "https://www.googleapis.com/compute/v1/projects/inlaid-lane-270316/zones/us-east4-c/instances/ece-03",
            "service_account": [],
            "shielded_instance_config": [],
            "tags": null,
            "tags_fingerprint": "42WmSpB8rSM=",
            "timeouts": null,
            "zone": "us-east4-c"
          },
          "private": "eyJlMmJmYjczMC1lY2FhLTExZTYtOGY4OC0zNDM2M2JjN2M0YzAiOnsiY3JlYXRlIjoxMjAwMDAwMDAwMDAwLCJkZWxldGUiOjEyMDAwMDAwMDAwMDAsInVwZGF0ZSI6MTIwMDAwMDAwMDAwMH0sInNjaGVtYV92ZXJzaW9uIjoiNiJ9"
        }
      ]
    },
    {
      "mode": "managed",
      "type": "google_compute_target_pool",
      "name": "ece-backend",
      "provider": "provider.google",
      "instances": []
    }
  ]
}
